
Microsoft Visual Studio Solution File, Format Version 12.00
# Visual Studio Version 17
VisualStudioVersion = 17.7.34031.279
MinimumVisualStudioVersion = 10.0.40219.1
Project("{2150E333-8FDC-42A3-9474-1A3956D46DE8}") = "Task0", "Task0", "{93F91B0A-B8D5-4172-B66E-DF2E50B9FB81}"
EndProject
Project("{FAE04EC0-301F-11D3-BF4B-00C04F79EFBC}") = "Tyuiu.ZairovAR.Sprint2.Task0.V23", "Tyuiu.ZairovAR.Sprint2.Task0.V23\Tyuiu.ZairovAR.Sprint2.Task0.V23.csproj", "{EC3B9D5C-7CAF-4E7E-AB66-8DAF82279B57}"
EndProject
Project("{FAE04EC0-301F-11D3-BF4B-00C04F79EFBC}") = "Tyuiu.ZairovAR.Sprint2.Task0.V23.Lib", "Tyuiu.ZairovAR.Sprint2.Task0.V23.Lib\Tyuiu.ZairovAR.Sprint2.Task0.V23.Lib.csproj", "{68A965A7-157D-4EE5-B8BF-0756F329B63B}"
EndProject
Project("{FAE04EC0-301F-11D3-BF4B-00C04F79EFBC}") = "Tyuiu.ZairovAR.Sprint2.Task0.V23.Test", "Tyuiu.ZairovAR.Sprint2.Task0.V23.Test\Tyuiu.ZairovAR.Sprint2.Task0.V23.Test.csproj", "{D101640D-7C7F-4366-99D3-C7481668635B}"
EndProject
Project("{2150E333-8FDC-42A3-9474-1A3956D46DE8}") = "Task1", "Task1", "{BC15FB83-40A0-417F-8D91-63D52549026C}"
EndProject
Project("{FAE04EC0-301F-11D3-BF4B-00C04F79EFBC}") = "Tyuiu.ZairovAR.Sprint2.Task1.V4", "Tyuiu.ZairovAR.Sprint2.Task1.V4\Tyuiu.ZairovAR.Sprint2.Task1.V4.csproj", "{64D3F43F-2853-4811-949D-9973B918D8F6}"
EndProject
Project("{FAE04EC0-301F-11D3-BF4B-00C04F79EFBC}") = "Tyuiu.ZairovAR.Sprint2.Task1.V4.Lib", "Tyuiu.ZairovAR.Sprint2.Task1.V4.Lib\Tyuiu.ZairovAR.Sprint2.Task1.V4.Lib.csproj", "{3713A11B-B3E7-4025-A736-B31E3FBF33CA}"
EndProject
Project("{FAE04EC0-301F-11D3-BF4B-00C04F79EFBC}") = "Tyuiu.ZairovAR.Sprint2.Task1.V4.Test", "Tyuiu.ZairovAR.Sprint2.Task1.V4.Test\Tyuiu.ZairovAR.Sprint2.Task1.V4.Test.csproj", "{B6B6E3E5-4EBE-44AB-888D-7541D1AFF38F}"
EndProject
Project("{2150E333-8FDC-42A3-9474-1A3956D46DE8}") = "Task2", "Task2", "{586EC11B-6CE5-417E-AD61-0D1F61460532}"
EndProject
Project("{FAE04EC0-301F-11D3-BF4B-00C04F79EFBC}") = "Tyuiu.ZairovAR.Sprint2.Task2.V21.Lib", "Tyuiu.ZairovAR.Sprint2.Task2.V21.Lib\Tyuiu.ZairovAR.Sprint2.Task2.V21.Lib.csproj", "{171E105C-0FAC-4F9B-9D26-888A9A63299A}"
EndProject
Project("{FAE04EC0-301F-11D3-BF4B-00C04F79EFBC}") = "Tyuiu.ZairovAR.Sprint2.Task2.V21.Test", "Tyuiu.ZairovAR.Sprint2.Task2.V21.Test\Tyuiu.ZairovAR.Sprint2.Task2.V21.Test.csproj", "{9881B5C7-8345-4B64-91F0-7C5EE10CC3F3}"
EndProject
Project("{FAE04EC0-301F-11D3-BF4B-00C04F79EFBC}") = "Tyuiu.ZairovAR.Sprint2.Task2.V21", "Tyuiu.ZairovAR.Sprint2.Task2.V21\Tyuiu.ZairovAR.Sprint2.Task2.V21.csproj", "{A6F9246A-DF5D-4759-B76C-10370E3627CC}"
EndProject
Project("{2150E333-8FDC-42A3-9474-1A3956D46DE8}") = "Task3", "Task3", "{EAFAEEEC-87B2-44B3-B227-E2FEE532CFE0}"
EndProject
Project("{FAE04EC0-301F-11D3-BF4B-00C04F79EFBC}") = "Tyuiu.ZairovAR.Sprint2.Task3.V13", "Tyuiu.ZairovAR.Sprint2.Task3.V13\Tyuiu.ZairovAR.Sprint2.Task3.V13.csproj", "{BE31A044-73B3-4B6C-B078-F4BE870B8264}"
EndProject
Project("{FAE04EC0-301F-11D3-BF4B-00C04F79EFBC}") = "Tyuiu.ZairovAR.Sprint2.Task3.V13.Lib", "Tyuiu.ZairovAR.Sprint2.Task3.V13.Lib\Tyuiu.ZairovAR.Sprint2.Task3.V13.Lib.csproj", "{7E793700-8F48-453E-86F8-370AC34DA5B4}"
EndProject
Project("{FAE04EC0-301F-11D3-BF4B-00C04F79EFBC}") = "Tyuiu.ZairovAR.Sprint2.Task3.V13.Test", "Tyuiu.ZairovAR.Sprint2.Task3.V13.Test\Tyuiu.ZairovAR.Sprint2.Task3.V13.Test.csproj", "{6FBF44FE-B322-415D-8AD8-2888B7776A42}"
EndProject
Project("{2150E333-8FDC-42A3-9474-1A3956D46DE8}") = "Task4", "Task4", "{A904EB79-0FB3-4102-AEEC-A08B9A5C6562}"
EndProject
Project("{FAE04EC0-301F-11D3-BF4B-00C04F79EFBC}") = "Tyuiu.ZairovAR.Sprint2.Task4.V16", "Tyuiu.ZairovAR.Sprint2.Task4.V16\Tyuiu.ZairovAR.Sprint2.Task4.V16.csproj", "{3BF33DF4-84C5-488F-BC71-D0E8622AC8E4}"
EndProject
Project("{FAE04EC0-301F-11D3-BF4B-00C04F79EFBC}") = "Tyuiu.ZairovAR.Sprint2.Task4.V16.Lib", "Tyuiu.ZairovAR.Sprint2.Task4.V16.Lib\Tyuiu.ZairovAR.Sprint2.Task4.V16.Lib.csproj", "{AD624811-7127-478A-92AE-B23E16D5AF2A}"
EndProject
Project("{FAE04EC0-301F-11D3-BF4B-00C04F79EFBC}") = "Tyuiu.ZairovAR.Sprint2.Task4.V16.Test", "Tyuiu.ZairovAR.Sprint2.Task4.V16.Test\Tyuiu.ZairovAR.Sprint2.Task4.V16.Test.csproj", "{181E62FF-9BF8-4241-9319-52E39518AFE2}"
EndProject
Project("{2150E333-8FDC-42A3-9474-1A3956D46DE8}") = "Task5", "Task5", "{E4E56563-AB7A-4973-80BB-DA1867B018F6}"
EndProject
Project("{FAE04EC0-301F-11D3-BF4B-00C04F79EFBC}") = "Tyuiu.ZairovAR.Sprint2.Task5.V1", "Tyuiu.ZairovAR.Sprint2.Task5.V1\Tyuiu.ZairovAR.Sprint2.Task5.V1.csproj", "{B69B3578-A78E-4C84-B31C-463A55142236}"
EndProject
Project("{FAE04EC0-301F-11D3-BF4B-00C04F79EFBC}") = "Tyuiu.ZairovAR.Sprint2.Task5.V1.Lib", "Tyuiu.ZairovAR.Sprint2.Task5.V1.Lib\Tyuiu.ZairovAR.Sprint2.Task5.V1.Lib.csproj", "{D350C78A-A100-4878-B736-5680A3018215}"
EndProject
Project("{FAE04EC0-301F-11D3-BF4B-00C04F79EFBC}") = "Tyuiu.ZairovAR.Sprint2.Task5.V1.Test", "Tyuiu.ZairovAR.Sprint2.Task5.V1.Test\Tyuiu.ZairovAR.Sprint2.Task5.V1.Test.csproj", "{37B674D2-3A4E-4A31-8959-DBF98846282E}"
EndProject
Project("{2150E333-8FDC-42A3-9474-1A3956D46DE8}") = "Task6", "Task6", "{688B7610-A19C-4971-8558-2E8294C5A01C}"
EndProject
Project("{FAE04EC0-301F-11D3-BF4B-00C04F79EFBC}") = "Tyuiu.ZairovAR.Sprint2.Task6.V4.Lib", "Tyuiu.ZairovAR.Sprint2.Task6.V4.Lib\Tyuiu.ZairovAR.Sprint2.Task6.V4.Lib.csproj", "{07F96A3E-0869-4591-8399-3036FB3FFA25}"
EndProject
Project("{FAE04EC0-301F-11D3-BF4B-00C04F79EFBC}") = "Tyuiu.ZairovAR.Sprint2.Task6.V4", "Tyuiu.ZairovAR.Sprint2.Task6.V4\Tyuiu.ZairovAR.Sprint2.Task6.V4.csproj", "{80BC66A4-2896-480C-A9AD-428968CAB373}"
EndProject
Project("{FAE04EC0-301F-11D3-BF4B-00C04F79EFBC}") = "Tyuiu.ZairovAR.Sprint2.Task6.V4.Test", "Tyuiu.ZairovAR.Sprint2.Task6.V4.Test\Tyuiu.ZairovAR.Sprint2.Task6.V4.Test.csproj", "{352DDA13-01A0-402F-A47E-29DAA9781D1F}"
EndProject
Global
	GlobalSection(SolutionConfigurationPlatforms) = preSolution
		Debug|Any CPU = Debug|Any CPU
		Release|Any CPU = Release|Any CPU
	EndGlobalSection
	GlobalSection(ProjectConfigurationPlatforms) = postSolution
		{EC3B9D5C-7CAF-4E7E-AB66-8DAF82279B57}.Debug|Any CPU.ActiveCfg = Debug|Any CPU
		{EC3B9D5C-7CAF-4E7E-AB66-8DAF82279B57}.Debug|Any CPU.Build.0 = Debug|Any CPU
		{EC3B9D5C-7CAF-4E7E-AB66-8DAF82279B57}.Release|Any CPU.ActiveCfg = Release|Any CPU
		{EC3B9D5C-7CAF-4E7E-AB66-8DAF82279B57}.Release|Any CPU.Build.0 = Release|Any CPU
		{68A965A7-157D-4EE5-B8BF-0756F329B63B}.Debug|Any CPU.ActiveCfg = Debug|Any CPU
		{68A965A7-157D-4EE5-B8BF-0756F329B63B}.Debug|Any CPU.Build.0 = Debug|Any CPU
		{68A965A7-157D-4EE5-B8BF-0756F329B63B}.Release|Any CPU.ActiveCfg = Release|Any CPU
		{68A965A7-157D-4EE5-B8BF-0756F329B63B}.Release|Any CPU.Build.0 = Release|Any CPU
		{D101640D-7C7F-4366-99D3-C7481668635B}.Debug|Any CPU.ActiveCfg = Debug|Any CPU
		{D101640D-7C7F-4366-99D3-C7481668635B}.Debug|Any CPU.Build.0 = Debug|Any CPU
		{D101640D-7C7F-4366-99D3-C7481668635B}.Release|Any CPU.ActiveCfg = Release|Any CPU
		{D101640D-7C7F-4366-99D3-C7481668635B}.Release|Any CPU.Build.0 = Release|Any CPU
		{64D3F43F-2853-4811-949D-9973B918D8F6}.Debug|Any CPU.ActiveCfg = Debug|Any CPU
		{64D3F43F-2853-4811-949D-9973B918D8F6}.Debug|Any CPU.Build.0 = Debug|Any CPU
		{64D3F43F-2853-4811-949D-9973B918D8F6}.Release|Any CPU.ActiveCfg = Release|Any CPU
		{64D3F43F-2853-4811-949D-9973B918D8F6}.Release|Any CPU.Build.0 = Release|Any CPU
		{3713A11B-B3E7-4025-A736-B31E3FBF33CA}.Debug|Any CPU.ActiveCfg = Debug|Any CPU
		{3713A11B-B3E7-4025-A736-B31E3FBF33CA}.Debug|Any CPU.Build.0 = Debug|Any CPU
		{3713A11B-B3E7-4025-A736-B31E3FBF33CA}.Release|Any CPU.ActiveCfg = Release|Any CPU
		{3713A11B-B3E7-4025-A736-B31E3FBF33CA}.Release|Any CPU.Build.0 = Release|Any CPU
		{B6B6E3E5-4EBE-44AB-888D-7541D1AFF38F}.Debug|Any CPU.ActiveCfg = Debug|Any CPU
		{B6B6E3E5-4EBE-44AB-888D-7541D1AFF38F}.Debug|Any CPU.Build.0 = Debug|Any CPU
		{B6B6E3E5-4EBE-44AB-888D-7541D1AFF38F}.Release|Any CPU.ActiveCfg = Release|Any CPU
		{B6B6E3E5-4EBE-44AB-888D-7541D1AFF38F}.Release|Any CPU.Build.0 = Release|Any CPU
		{171E105C-0FAC-4F9B-9D26-888A9A63299A}.Debug|Any CPU.ActiveCfg = Debug|Any CPU
		{171E105C-0FAC-4F9B-9D26-888A9A63299A}.Debug|Any CPU.Build.0 = Debug|Any CPU
		{171E105C-0FAC-4F9B-9D26-888A9A63299A}.Release|Any CPU.ActiveCfg = Release|Any CPU
		{171E105C-0FAC-4F9B-9D26-888A9A63299A}.Release|Any CPU.Build.0 = Release|Any CPU
		{9881B5C7-8345-4B64-91F0-7C5EE10CC3F3}.Debug|Any CPU.ActiveCfg = Debug|Any CPU
		{9881B5C7-8345-4B64-91F0-7C5EE10CC3F3}.Debug|Any CPU.Build.0 = Debug|Any CPU
		{9881B5C7-8345-4B64-91F0-7C5EE10CC3F3}.Release|Any CPU.ActiveCfg = Release|Any CPU
		{9881B5C7-8345-4B64-91F0-7C5EE10CC3F3}.Release|Any CPU.Build.0 = Release|Any CPU
		{A6F9246A-DF5D-4759-B76C-10370E3627CC}.Debug|Any CPU.ActiveCfg = Debug|Any CPU
		{A6F9246A-DF5D-4759-B76C-10370E3627CC}.Debug|Any CPU.Build.0 = Debug|Any CPU
		{A6F9246A-DF5D-4759-B76C-10370E3627CC}.Release|Any CPU.ActiveCfg = Release|Any CPU
		{A6F9246A-DF5D-4759-B76C-10370E3627CC}.Release|Any CPU.Build.0 = Release|Any CPU
		{BE31A044-73B3-4B6C-B078-F4BE870B8264}.Debug|Any CPU.ActiveCfg = Debug|Any CPU
		{BE31A044-73B3-4B6C-B078-F4BE870B8264}.Debug|Any CPU.Build.0 = Debug|Any CPU
		{BE31A044-73B3-4B6C-B078-F4BE870B8264}.Release|Any CPU.ActiveCfg = Release|Any CPU
		{BE31A044-73B3-4B6C-B078-F4BE870B8264}.Release|Any CPU.Build.0 = Release|Any CPU
		{7E793700-8F48-453E-86F8-370AC34DA5B4}.Debug|Any CPU.ActiveCfg = Debug|Any CPU
		{7E793700-8F48-453E-86F8-370AC34DA5B4}.Debug|Any CPU.Build.0 = Debug|Any CPU
		{7E793700-8F48-453E-86F8-370AC34DA5B4}.Release|Any CPU.ActiveCfg = Release|Any CPU
		{7E793700-8F48-453E-86F8-370AC34DA5B4}.Release|Any CPU.Build.0 = Release|Any CPU
		{6FBF44FE-B322-415D-8AD8-2888B7776A42}.Debug|Any CPU.ActiveCfg = Debug|Any CPU
		{6FBF44FE-B322-415D-8AD8-2888B7776A42}.Debug|Any CPU.Build.0 = Debug|Any CPU
		{6FBF44FE-B322-415D-8AD8-2888B7776A42}.Release|Any CPU.ActiveCfg = Release|Any CPU
		{6FBF44FE-B322-415D-8AD8-2888B7776A42}.Release|Any CPU.Build.0 = Release|Any CPU
		{3BF33DF4-84C5-488F-BC71-D0E8622AC8E4}.Debug|Any CPU.ActiveCfg = Debug|Any CPU
		{3BF33DF4-84C5-488F-BC71-D0E8622AC8E4}.Debug|Any CPU.Build.0 = Debug|Any CPU
		{3BF33DF4-84C5-488F-BC71-D0E8622AC8E4}.Release|Any CPU.ActiveCfg = Release|Any CPU
		{3BF33DF4-84C5-488F-BC71-D0E8622AC8E4}.Release|Any CPU.Build.0 = Release|Any CPU
		{AD624811-7127-478A-92AE-B23E16D5AF2A}.Debug|Any CPU.ActiveCfg = Debug|Any CPU
		{AD624811-7127-478A-92AE-B23E16D5AF2A}.Debug|Any CPU.Build.0 = Debug|Any CPU
		{AD624811-7127-478A-92AE-B23E16D5AF2A}.Release|Any CPU.ActiveCfg = Release|Any CPU
		{AD624811-7127-478A-92AE-B23E16D5AF2A}.Release|Any CPU.Build.0 = Release|Any CPU
		{181E62FF-9BF8-4241-9319-52E39518AFE2}.Debug|Any CPU.ActiveCfg = Debug|Any CPU
		{181E62FF-9BF8-4241-9319-52E39518AFE2}.Debug|Any CPU.Build.0 = Debug|Any CPU
		{181E62FF-9BF8-4241-9319-52E39518AFE2}.Release|Any CPU.ActiveCfg = Release|Any CPU
		{181E62FF-9BF8-4241-9319-52E39518AFE2}.Release|Any CPU.Build.0 = Release|Any CPU
		{B69B3578-A78E-4C84-B31C-463A55142236}.Debug|Any CPU.ActiveCfg = Debug|Any CPU
		{B69B3578-A78E-4C84-B31C-463A55142236}.Debug|Any CPU.Build.0 = Debug|Any CPU
		{B69B3578-A78E-4C84-B31C-463A55142236}.Release|Any CPU.ActiveCfg = Release|Any CPU
		{B69B3578-A78E-4C84-B31C-463A55142236}.Release|Any CPU.Build.0 = Release|Any CPU
		{D350C78A-A100-4878-B736-5680A3018215}.Debug|Any CPU.ActiveCfg = Debug|Any CPU
		{D350C78A-A100-4878-B736-5680A3018215}.Debug|Any CPU.Build.0 = Debug|Any CPU
		{D350C78A-A100-4878-B736-5680A3018215}.Release|Any CPU.ActiveCfg = Release|Any CPU
		{D350C78A-A100-4878-B736-5680A3018215}.Release|Any CPU.Build.0 = Release|Any CPU
		{37B674D2-3A4E-4A31-8959-DBF98846282E}.Debug|Any CPU.ActiveCfg = Debug|Any CPU
		{37B674D2-3A4E-4A31-8959-DBF98846282E}.Debug|Any CPU.Build.0 = Debug|Any CPU
		{37B674D2-3A4E-4A31-8959-DBF98846282E}.Release|Any CPU.ActiveCfg = Release|Any CPU
		{37B674D2-3A4E-4A31-8959-DBF98846282E}.Release|Any CPU.Build.0 = Release|Any CPU
		{07F96A3E-0869-4591-8399-3036FB3FFA25}.Debug|Any CPU.ActiveCfg = Debug|Any CPU
		{07F96A3E-0869-4591-8399-3036FB3FFA25}.Debug|Any CPU.Build.0 = Debug|Any CPU
		{07F96A3E-0869-4591-8399-3036FB3FFA25}.Release|Any CPU.ActiveCfg = Release|Any CPU
		{07F96A3E-0869-4591-8399-3036FB3FFA25}.Release|Any CPU.Build.0 = Release|Any CPU
		{80BC66A4-2896-480C-A9AD-428968CAB373}.Debug|Any CPU.ActiveCfg = Debug|Any CPU
		{80BC66A4-2896-480C-A9AD-428968CAB373}.Debug|Any CPU.Build.0 = Debug|Any CPU
		{80BC66A4-2896-480C-A9AD-428968CAB373}.Release|Any CPU.ActiveCfg = Release|Any CPU
		{80BC66A4-2896-480C-A9AD-428968CAB373}.Release|Any CPU.Build.0 = Release|Any CPU
		{352DDA13-01A0-402F-A47E-29DAA9781D1F}.Debug|Any CPU.ActiveCfg = Debug|Any CPU
		{352DDA13-01A0-402F-A47E-29DAA9781D1F}.Debug|Any CPU.Build.0 = Debug|Any CPU
		{352DDA13-01A0-402F-A47E-29DAA9781D1F}.Release|Any CPU.ActiveCfg = Release|Any CPU
		{352DDA13-01A0-402F-A47E-29DAA9781D1F}.Release|Any CPU.Build.0 = Release|Any CPU
	EndGlobalSection
	GlobalSection(SolutionProperties) = preSolution
		HideSolutionNode = FALSE
	EndGlobalSection
	GlobalSection(NestedProjects) = preSolution
		{EC3B9D5C-7CAF-4E7E-AB66-8DAF82279B57} = {93F91B0A-B8D5-4172-B66E-DF2E50B9FB81}
		{68A965A7-157D-4EE5-B8BF-0756F329B63B} = {93F91B0A-B8D5-4172-B66E-DF2E50B9FB81}
		{D101640D-7C7F-4366-99D3-C7481668635B} = {93F91B0A-B8D5-4172-B66E-DF2E50B9FB81}
		{64D3F43F-2853-4811-949D-9973B918D8F6} = {BC15FB83-40A0-417F-8D91-63D52549026C}
		{3713A11B-B3E7-4025-A736-B31E3FBF33CA} = {BC15FB83-40A0-417F-8D91-63D52549026C}
		{B6B6E3E5-4EBE-44AB-888D-7541D1AFF38F} = {BC15FB83-40A0-417F-8D91-63D52549026C}
		{171E105C-0FAC-4F9B-9D26-888A9A63299A} = {586EC11B-6CE5-417E-AD61-0D1F61460532}
		{9881B5C7-8345-4B64-91F0-7C5EE10CC3F3} = {586EC11B-6CE5-417E-AD61-0D1F61460532}
		{A6F9246A-DF5D-4759-B76C-10370E3627CC} = {586EC11B-6CE5-417E-AD61-0D1F61460532}
		{BE31A044-73B3-4B6C-B078-F4BE870B8264} = {EAFAEEEC-87B2-44B3-B227-E2FEE532CFE0}
		{7E793700-8F48-453E-86F8-370AC34DA5B4} = {EAFAEEEC-87B2-44B3-B227-E2FEE532CFE0}
		{6FBF44FE-B322-415D-8AD8-2888B7776A42} = {EAFAEEEC-87B2-44B3-B227-E2FEE532CFE0}
		{3BF33DF4-84C5-488F-BC71-D0E8622AC8E4} = {A904EB79-0FB3-4102-AEEC-A08B9A5C6562}
		{AD624811-7127-478A-92AE-B23E16D5AF2A} = {A904EB79-0FB3-4102-AEEC-A08B9A5C6562}
		{181E62FF-9BF8-4241-9319-52E39518AFE2} = {A904EB79-0FB3-4102-AEEC-A08B9A5C6562}
		{B69B3578-A78E-4C84-B31C-463A55142236} = {E4E56563-AB7A-4973-80BB-DA1867B018F6}
		{D350C78A-A100-4878-B736-5680A3018215} = {E4E56563-AB7A-4973-80BB-DA1867B018F6}
		{37B674D2-3A4E-4A31-8959-DBF98846282E} = {E4E56563-AB7A-4973-80BB-DA1867B018F6}
		{07F96A3E-0869-4591-8399-3036FB3FFA25} = {688B7610-A19C-4971-8558-2E8294C5A01C}
		{80BC66A4-2896-480C-A9AD-428968CAB373} = {688B7610-A19C-4971-8558-2E8294C5A01C}
		{352DDA13-01A0-402F-A47E-29DAA9781D1F} = {688B7610-A19C-4971-8558-2E8294C5A01C}
	EndGlobalSection
	GlobalSection(ExtensibilityGlobals) = postSolution
		SolutionGuid = {7F46584B-10EA-418B-A9B5-AC836559AFE3}
	EndGlobalSection
EndGlobal
